# This file was autogenerated by Stack.
# You should not edit this file by hand.
# For more information, please see the documentation at:
#   https://docs.haskellstack.org/en/stable/lock_files

packages:
- completed:
    cabal-file:
      size: 2718
      sha256: 70aa2e1a56f310f35f2279d86fea28bc5921b1f3f55b3e385f31806c7204d363
    name: aeson-typescript
    version: 0.2.0.0
    git: https://github.com/codedownio/aeson-typescript.git
    pantry-tree:
      size: 1999
      sha256: 53ac308abc2b6ba24dad0592d602bccd5bba0f02dbcdcca1b8c27743108da32a
    commit: 8a084f0d371ad55158b6c37b989768d382bcc086
  original:
    git: https://github.com/codedownio/aeson-typescript.git
    commit: 8a084f0d371ad55158b6c37b989768d382bcc086
snapshots:
- completed:
    size: 524804
    url: https://raw.githubusercontent.com/commercialhaskell/stackage-snapshots/master/lts/14/16.yaml
    sha256: 4d1519a4372d051d47a5eae2241cf3fb54e113d7475f89707ddb6ec06add2888
  original: lts-14.16
