# This file was autogenerated by Stack.
# You should not edit this file by hand.
# For more information, please see the documentation at:
#   https://docs.haskellstack.org/en/stable/topics/lock_files

packages: []
snapshots:
- completed:
    sha256: 83c8996e775911c3c67ce25d0d0fb8a0c6b9d4759dc279214f8901868463d1a2
    size: 681591
    url: https://raw.githubusercontent.com/commercialhaskell/stackage-snapshots/master/nightly/2025/4/17.yaml
  original: nightly-2025-04-17
